
Microsoft Visual Studio Solution File, Format Version 12.00
# Visual Studio Version 17
VisualStudioVersion = 17.11.35327.3
MinimumVisualStudioVersion = 10.0.40219.1
Project("{FAE04EC0-301F-11D3-BF4B-00C04F79EFBC}") = "SocialMedia", "SocialMedia\SocialMedia.csproj", "{33F7C580-0F34-4434-9AD0-AD79EA44FC7C}"
EndProject
Global
	GlobalSection(SolutionConfigurationPlatforms) = preSolution
		Debug|Any CPU = Debug|Any CPU
		Release|Any CPU = Release|Any CPU
	EndGlobalSection
	GlobalSection(ProjectConfigurationPlatforms) = postSolution
		{33F7C580-0F34-4434-9AD0-AD79EA44FC7C}.Debug|Any CPU.ActiveCfg = Debug|Any CPU
		{33F7C580-0F34-4434-9AD0-AD79EA44FC7C}.Debug|Any CPU.Build.0 = Debug|Any CPU
		{33F7C580-0F34-4434-9AD0-AD79EA44FC7C}.Release|Any CPU.ActiveCfg = Release|Any CPU
		{33F7C580-0F34-4434-9AD0-AD79EA44FC7C}.Release|Any CPU.Build.0 = Release|Any CPU
	EndGlobalSection
	GlobalSection(SolutionProperties) = preSolution
		HideSolutionNode = FALSE
	EndGlobalSection
	GlobalSection(ExtensibilityGlobals) = postSolution
		SolutionGuid = {C6A04DB1-CE07-4BA6-96DB-0BB83D64A27D}
	EndGlobalSection
EndGlobal
